{
  "version": 4,
  "terraform_version": "1.3.6",
  "serial": 11,
  "lineage": "a7270c97-78bc-d70b-0a22-215a9c08bc65",
  "outputs": {},
  "resources": [
    {
      "module": "module.repository[\"aws\"]",
      "mode": "managed",
      "type": "github_repository",
      "name": "this",
      "provider": "provider[\"registry.terraform.io/integrations/github\"]",
      "instances": [
        {
          "schema_version": 0,
          "attributes": {
            "allow_auto_merge": false,
            "allow_merge_commit": true,
            "allow_rebase_merge": true,
            "allow_squash_merge": true,
            "allow_update_branch": false,
            "archive_on_destroy": null,
            "archived": false,
            "auto_init": false,
            "default_branch": "master",
            "delete_branch_on_merge": false,
            "description": "",
            "etag": "W/\"ba6c2f652cc991d02fb6415d16e2574d5a91fa9f54110a0e5d1ce11c530a18f1\"",
            "full_name": "skkzsh/aws",
            "git_clone_url": "git://github.com/skkzsh/aws.git",
            "gitignore_template": null,
            "has_downloads": true,
            "has_issues": true,
            "has_projects": false,
            "has_wiki": true,
            "homepage_url": "https://github.com/skkzsh/aws/wiki",
            "html_url": "https://github.com/skkzsh/aws",
            "http_clone_url": "https://github.com/skkzsh/aws.git",
            "id": "aws",
            "ignore_vulnerability_alerts_during_read": null,
            "is_template": false,
            "license_template": null,
            "merge_commit_message": "PR_TITLE",
            "merge_commit_title": "MERGE_MESSAGE",
            "name": "aws",
            "node_id": "MDEwOlJlcG9zaXRvcnkxNDQ0MDA1NTk=",
            "pages": [],
            "private": false,
            "repo_id": 144400559,
            "security_and_analysis": [],
            "squash_merge_commit_message": "COMMIT_MESSAGES",
            "squash_merge_commit_title": "COMMIT_OR_PR_TITLE",
            "ssh_clone_url": "git@github.com:skkzsh/aws.git",
            "svn_url": "https://github.com/skkzsh/aws",
            "template": [],
            "topics": [],
            "visibility": "public",
            "vulnerability_alerts": true
          },
          "sensitive_attributes": [],
          "private": "bnVsbA=="
        }
      ]
    },
    {
      "module": "module.repository[\"github_as_code\"]",
      "mode": "managed",
      "type": "github_repository",
      "name": "this",
      "provider": "provider[\"registry.terraform.io/integrations/github\"]",
      "instances": [
        {
          "schema_version": 0,
          "attributes": {
            "allow_auto_merge": false,
            "allow_merge_commit": true,
            "allow_rebase_merge": true,
            "allow_squash_merge": true,
            "allow_update_branch": false,
            "archive_on_destroy": null,
            "archived": false,
            "auto_init": null,
            "default_branch": "main",
            "delete_branch_on_merge": false,
            "description": "",
            "etag": "W/\"c845f997a2a4d19191c1175b9899b3b718a015b0c306b92734aa39673181fc6e\"",
            "full_name": "skkzsh/github_as_code",
            "git_clone_url": "git://github.com/skkzsh/github_as_code.git",
            "gitignore_template": null,
            "has_downloads": true,
            "has_issues": false,
            "has_projects": false,
            "has_wiki": true,
            "homepage_url": "",
            "html_url": "https://github.com/skkzsh/github_as_code",
            "http_clone_url": "https://github.com/skkzsh/github_as_code.git",
            "id": "github_as_code",
            "ignore_vulnerability_alerts_during_read": null,
            "is_template": false,
            "license_template": null,
            "merge_commit_message": "PR_TITLE",
            "merge_commit_title": "MERGE_MESSAGE",
            "name": "github_as_code",
            "node_id": "R_kgDOImIZYg",
            "pages": [],
            "private": false,
            "repo_id": 576854370,
            "security_and_analysis": [],
            "squash_merge_commit_message": "COMMIT_MESSAGES",
            "squash_merge_commit_title": "COMMIT_OR_PR_TITLE",
            "ssh_clone_url": "git@github.com:skkzsh/github_as_code.git",
            "svn_url": "https://github.com/skkzsh/github_as_code",
            "template": [],
            "topics": null,
            "visibility": "public",
            "vulnerability_alerts": true
          },
          "sensitive_attributes": [],
          "private": "bnVsbA=="
        }
      ]
    },
    {
      "module": "module.repository[\"nginx\"]",
      "mode": "managed",
      "type": "github_repository",
      "name": "this",
      "provider": "provider[\"registry.terraform.io/integrations/github\"]",
      "instances": [
        {
          "schema_version": 0,
          "attributes": {
            "allow_auto_merge": false,
            "allow_merge_commit": true,
            "allow_rebase_merge": true,
            "allow_squash_merge": true,
            "allow_update_branch": false,
            "archive_on_destroy": null,
            "archived": false,
            "auto_init": false,
            "default_branch": "main",
            "delete_branch_on_merge": false,
            "description": "",
            "etag": "W/\"191c15d512d1df050aaeca0afdffe9946527bec4eca1f1ce7cba0335d2bed9cb\"",
            "full_name": "skkzsh/nginx",
            "git_clone_url": "git://github.com/skkzsh/nginx.git",
            "gitignore_template": null,
            "has_downloads": true,
            "has_issues": false,
            "has_projects": false,
            "has_wiki": false,
            "homepage_url": "",
            "html_url": "https://github.com/skkzsh/nginx",
            "http_clone_url": "https://github.com/skkzsh/nginx.git",
            "id": "nginx",
            "ignore_vulnerability_alerts_during_read": null,
            "is_template": false,
            "license_template": null,
            "merge_commit_message": "PR_TITLE",
            "merge_commit_title": "MERGE_MESSAGE",
            "name": "nginx",
            "node_id": "R_kgDOHfPiyQ",
            "pages": [],
            "private": false,
            "repo_id": 502522569,
            "security_and_analysis": [],
            "squash_merge_commit_message": "COMMIT_MESSAGES",
            "squash_merge_commit_title": "COMMIT_OR_PR_TITLE",
            "ssh_clone_url": "git@github.com:skkzsh/nginx.git",
            "svn_url": "https://github.com/skkzsh/nginx",
            "template": [],
            "topics": [],
            "visibility": "public",
            "vulnerability_alerts": true
          },
          "sensitive_attributes": [],
          "private": "bnVsbA=="
        }
      ]
    },
    {
      "module": "module.repository[\"note\"]",
      "mode": "managed",
      "type": "github_repository",
      "name": "this",
      "provider": "provider[\"registry.terraform.io/integrations/github\"]",
      "instances": [
        {
          "schema_version": 0,
          "attributes": {
            "allow_auto_merge": false,
            "allow_merge_commit": true,
            "allow_rebase_merge": true,
            "allow_squash_merge": true,
            "allow_update_branch": false,
            "archive_on_destroy": null,
            "archived": false,
            "auto_init": false,
            "default_branch": "master",
            "delete_branch_on_merge": false,
            "description": "",
            "etag": "W/\"d3be9ad96918a1f4fde9f2a0695b4ef77bd932738899de0bef4703027a9b5c9b\"",
            "full_name": "skkzsh/note",
            "git_clone_url": "git://github.com/skkzsh/note.git",
            "gitignore_template": null,
            "has_downloads": true,
            "has_issues": false,
            "has_projects": false,
            "has_wiki": true,
            "homepage_url": "https://github.com/skkzsh/note/wiki",
            "html_url": "https://github.com/skkzsh/note",
            "http_clone_url": "https://github.com/skkzsh/note.git",
            "id": "note",
            "ignore_vulnerability_alerts_during_read": null,
            "is_template": false,
            "license_template": null,
            "merge_commit_message": "PR_TITLE",
            "merge_commit_title": "MERGE_MESSAGE",
            "name": "note",
            "node_id": "MDEwOlJlcG9zaXRvcnk4ODM0NTg1",
            "pages": [],
            "private": false,
            "repo_id": 8834585,
            "security_and_analysis": [],
            "squash_merge_commit_message": "COMMIT_MESSAGES",
            "squash_merge_commit_title": "COMMIT_OR_PR_TITLE",
            "ssh_clone_url": "git@github.com:skkzsh/note.git",
            "svn_url": "https://github.com/skkzsh/note",
            "template": [],
            "topics": [],
            "visibility": "public",
            "vulnerability_alerts": true
          },
          "sensitive_attributes": [],
          "private": "bnVsbA=="
        }
      ]
    }
  ],
  "check_results": null
}
